{
  "requires": true,
  "lockfileVersion": 1,
  "dependencies": {
    "phaser-ce": {
      "version": "2.12.0",
      "resolved": "https://registry.npmjs.org/phaser-ce/-/phaser-ce-2.12.0.tgz",
      "integrity": "sha512-46AYgbOlascnjqTNMICw8qD6sNbAuS3A1G76YYElb9wguIt8eHb1OO+X0lF9kxj++SQEWm80zjryK9tDHcCNIQ=="
    }
  }
}
